<?xml version="1.0" encoding="utf-8"?>
<Project ToolsVersion="4.0" xmlns="http://schemas.microsoft.com/developer/msbuild/2003">
  <ItemGroup>
    <Filter Include="Source Files">
      <UniqueIdentifier>{4FC737F1-C7A5-4376-A066-2A32D752A2FF}</UniqueIdentifier>
      <Extensions>cpp;c;cc;cxx;def;odl;idl;hpj;bat;asm;asmx</Extensions>
    </Filter>
    <Filter Include="Header Files">
      <UniqueIdentifier>{93995380-89BD-4b04-88EB-625FBE52EBFB}</UniqueIdentifier>
      <Extensions>h;hpp;hxx;hm;inl;inc;xsd</Extensions>
    </Filter>
    <Filter Include="Resource Files">
      <UniqueIdentifier>{67DA6AB6-F800-4c08-8B7A-83BB121AAD01}</UniqueIdentifier>
      <Extensions>rc;ico;cur;bmp;dlg;rc2;rct;bin;rgs;gif;jpg;jpeg;jpe;resx;tiff;tif;png;wav;mfcribbon-ms</Extensions>
    </Filter>
    <Filter Include="Header Files\Generic">
      <UniqueIdentifier>{b80d2a03-fd29-4a9a-8993-a118cd31f41c}</UniqueIdentifier>
    </Filter>
    <Filter Include="Source Files\Generic">
      <UniqueIdentifier>{d556a1f2-4be7-4bea-85a5-21f818677d1a}</UniqueIdentifier>
    </Filter>
    <Filter Include="Header Files\GUI">
      <UniqueIdentifier>{61f86dc7-5b54-4c46-aaf4-2e74b5e5e3e0}</UniqueIdentifier>
    </Filter>
    <Filter Include="Source Files\GUI">
      <UniqueIdentifier>{9b213f1c-9574-4b73-85ba-61abb58078a2}</UniqueIdentifier>
    </Filter>
    <Filter Include="Header Files\GUI\Forms">
      <UniqueIdentifier>{fd13e378-ec86-4c60-a028-2e890171963a}</UniqueIdentifier>
    </Filter>
    <Filter Include="Source Files\GUI\Forms">
      <UniqueIdentifier>{81f16772-bcc0-471a-8b38-e1603340fb28}</UniqueIdentifier>
    </Filter>
    <Filter Include="Header Files\Math">
      <UniqueIdentifier>{17fb036a-56d6-453c-a2e5-d1d13a36bedb}</UniqueIdentifier>
    </Filter>
    <Filter Include="Source Files\Math">
      <UniqueIdentifier>{a7112ad7-c74a-421e-a489-2354b480dc5e}</UniqueIdentifier>
    </Filter>
    <Filter Include="Header Files\Ship">
      <UniqueIdentifier>{3742383b-c266-462f-9066-62d0647ee864}</UniqueIdentifier>
    </Filter>
    <Filter Include="Source Files\Ship">
      <UniqueIdentifier>{fb6be539-efff-4aa4-9436-75db1f06973a}</UniqueIdentifier>
    </Filter>
    <Filter Include="Header Files\FileTools">
      <UniqueIdentifier>{d470ac4a-1b47-472d-a402-87d164b1f5ee}</UniqueIdentifier>
    </Filter>
    <Filter Include="Source Files\FileTools">
      <UniqueIdentifier>{c5926306-ea2e-44d1-b850-c237e52495fc}</UniqueIdentifier>
    </Filter>
  </ItemGroup>
  <ItemGroup>
    <ClCompile Include="SGame.cpp">
      <Filter>Source Files</Filter>
    </ClCompile>
    <ClCompile Include="StdAfx.cpp">
      <Filter>Source Files</Filter>
    </ClCompile>
    <ClCompile Include="Logger.cpp">
      <Filter>Source Files</Filter>
    </ClCompile>
    <ClCompile Include="Generic\CString.cpp">
      <Filter>Source Files\Generic</Filter>
    </ClCompile>
    <ClCompile Include="Renderer.cpp">
      <Filter>Source Files</Filter>
    </ClCompile>
    <ClCompile Include="auxFuncs.cpp">
      <Filter>Source Files</Filter>
    </ClCompile>
    <ClCompile Include="Math\Matrix.cpp">
      <Filter>Source Files\Math</Filter>
    </ClCompile>
    <ClCompile Include="Math\Vector.cpp">
      <Filter>Source Files\Math</Filter>
    </ClCompile>
    <ClCompile Include="GUI\GUIManager.cpp">
      <Filter>Source Files\GUI</Filter>
    </ClCompile>
    <ClCompile Include="GUI\Window.cpp">
      <Filter>Source Files\GUI</Filter>
    </ClCompile>
    <ClCompile Include="GUI\GlobalWindow.cpp">
      <Filter>Source Files\GUI</Filter>
    </ClCompile>
    <ClCompile Include="GUI\TexturedWidget.cpp">
      <Filter>Source Files\GUI</Filter>
    </ClCompile>
    <ClCompile Include="GUI\Button.cpp">
      <Filter>Source Files\GUI</Filter>
    </ClCompile>
    <ClCompile Include="GUI\Text.cpp">
      <Filter>Source Files\GUI</Filter>
    </ClCompile>
    <ClCompile Include="Ship\Ship.cpp">
      <Filter>Source Files\Ship</Filter>
    </ClCompile>
    <ClCompile Include="GUI\ShipView.cpp">
      <Filter>Source Files\GUI</Filter>
    </ClCompile>
    <ClCompile Include="GUI\Forms\BuildTools.cpp">
      <Filter>Source Files\GUI\Forms</Filter>
    </ClCompile>
    <ClCompile Include="FileTools\RoomParser.cpp">
      <Filter>Source Files\FileTools</Filter>
    </ClCompile>
    <ClCompile Include="Ship\ItemsDB.cpp">
      <Filter>Source Files\Ship</Filter>
    </ClCompile>
    <ClCompile Include="GUI\CompartmentButton.cpp">
      <Filter>Source Files\GUI</Filter>
    </ClCompile>
    <ClCompile Include="GUI\ProgressBar.cpp">
      <Filter>Source Files\GUI</Filter>
    </ClCompile>
    <ClCompile Include="GUI\Forms\BuildInfo.cpp">
      <Filter>Source Files\GUI\Forms</Filter>
    </ClCompile>
    <ClCompile Include="GUI\TextArea.cpp">
      <Filter>Source Files\GUI</Filter>
    </ClCompile>
    <ClCompile Include="GUI\Forms\Editor.cpp">
      <Filter>Source Files\GUI\Forms</Filter>
    </ClCompile>
    <ClCompile Include="GUI\CompHoverInfo.cpp">
      <Filter>Source Files\GUI</Filter>
    </ClCompile>
    <ClCompile Include="GUI\Forms\FileOpenDialog.cpp">
      <Filter>Source Files\GUI\Forms</Filter>
    </ClCompile>
    <ClCompile Include="GUI\Input.cpp">
      <Filter>Source Files\GUI</Filter>
    </ClCompile>
    <ClCompile Include="MemManager.cpp">
      <Filter>Source Files</Filter>
    </ClCompile>
  </ItemGroup>
  <ItemGroup>
    <ClInclude Include="SGame.h">
      <Filter>Header Files</Filter>
    </ClInclude>
    <ClInclude Include="StdAfx.h">
      <Filter>Header Files</Filter>
    </ClInclude>
    <ClInclude Include="Logger.h">
      <Filter>Header Files</Filter>
    </ClInclude>
    <ClInclude Include="Generic\CString.h">
      <Filter>Header Files\Generic</Filter>
    </ClInclude>
    <ClInclude Include="Renderer.h">
      <Filter>Header Files</Filter>
    </ClInclude>
    <ClInclude Include="Math\Matrix.h">
      <Filter>Header Files\Math</Filter>
    </ClInclude>
    <ClInclude Include="Math\Vector.h">
      <Filter>Header Files\Math</Filter>
    </ClInclude>
    <ClInclude Include="GUI\GUIManager.h">
      <Filter>Header Files\GUI</Filter>
    </ClInclude>
    <ClInclude Include="GUI\Window.h">
      <Filter>Header Files\GUI</Filter>
    </ClInclude>
    <ClInclude Include="VersionInfo.h">
      <Filter>Header Files</Filter>
    </ClInclude>
    <ClInclude Include="GUI\GlobalWindow.h">
      <Filter>Header Files\GUI</Filter>
    </ClInclude>
    <ClInclude Include="GUI\TexturedWidget.h">
      <Filter>Header Files\GUI</Filter>
    </ClInclude>
    <ClInclude Include="GUI\Button.h">
      <Filter>Header Files\GUI</Filter>
    </ClInclude>
    <ClInclude Include="GUI\Text.h">
      <Filter>Header Files\GUI</Filter>
    </ClInclude>
    <ClInclude Include="Ship\Ship.h">
      <Filter>Header Files\Ship</Filter>
    </ClInclude>
    <ClInclude Include="sigslot.h">
      <Filter>Header Files</Filter>
    </ClInclude>
    <ClInclude Include="GUI\ShipView.h">
      <Filter>Header Files\GUI</Filter>
    </ClInclude>
    <ClInclude Include="GUI\Forms\BuildTools.h">
      <Filter>Header Files\GUI\Forms</Filter>
    </ClInclude>
    <ClInclude Include="FileTools\RoomParser.h">
      <Filter>Header Files\FileTools</Filter>
    </ClInclude>
    <ClInclude Include="Ship\ItemsDB.h">
      <Filter>Header Files\Ship</Filter>
    </ClInclude>
    <ClInclude Include="GUI\CompartmentButton.h">
      <Filter>Header Files\GUI</Filter>
    </ClInclude>
    <ClInclude Include="GUI\ProgressBar.h">
      <Filter>Header Files\GUI</Filter>
    </ClInclude>
    <ClInclude Include="GUI\Forms\BuildInfo.h">
      <Filter>Header Files\GUI\Forms</Filter>
    </ClInclude>
    <ClInclude Include="GUI\TextArea.h">
      <Filter>Header Files\GUI</Filter>
    </ClInclude>
    <ClInclude Include="GUI\Forms\Editor.h">
      <Filter>Header Files\GUI\Forms</Filter>
    </ClInclude>
    <ClInclude Include="GUI\CompHoverInfo.h">
      <Filter>Header Files\GUI</Filter>
    </ClInclude>
    <ClInclude Include="auxFuncs.h">
      <Filter>Header Files</Filter>
    </ClInclude>
    <ClInclude Include="GUI\Forms\FileOpenDialog.h">
      <Filter>Header Files\GUI\Forms</Filter>
    </ClInclude>
    <ClInclude Include="GUI\Input.h">
      <Filter>Header Files\GUI</Filter>
    </ClInclude>
    <ClInclude Include="MemManager.h">
      <Filter>Header Files</Filter>
    </ClInclude>
  </ItemGroup>
</Project>